
Microsoft Visual Studio Solution File, Format Version 12.00
# Visual Studio Version 17
VisualStudioVersion = 17.6.33927.249
MinimumVisualStudioVersion = 10.0.40219.1
Project("{FAE04EC0-301F-11D3-BF4B-00C04F79EFBC}") = "VentasApp", "VentasApp\VentasApp.csproj", "{7C7E51B5-F8A2-4DDC-A089-35E0B13C53C9}"
EndProject
Global
	GlobalSection(SolutionConfigurationPlatforms) = preSolution
		Debug|Any CPU = Debug|Any CPU
		Release|Any CPU = Release|Any CPU
	EndGlobalSection
	GlobalSection(ProjectConfigurationPlatforms) = postSolution
		{7C7E51B5-F8A2-4DDC-A089-35E0B13C53C9}.Debug|Any CPU.ActiveCfg = Debug|Any CPU
		{7C7E51B5-F8A2-4DDC-A089-35E0B13C53C9}.Debug|Any CPU.Build.0 = Debug|Any CPU
		{7C7E51B5-F8A2-4DDC-A089-35E0B13C53C9}.Release|Any CPU.ActiveCfg = Release|Any CPU
		{7C7E51B5-F8A2-4DDC-A089-35E0B13C53C9}.Release|Any CPU.Build.0 = Release|Any CPU
	EndGlobalSection
	GlobalSection(SolutionProperties) = preSolution
		HideSolutionNode = FALSE
	EndGlobalSection
	GlobalSection(ExtensibilityGlobals) = postSolution
		SolutionGuid = {C9D5BC5B-9559-4D31-B8EB-DE906644BB9C}
	EndGlobalSection
EndGlobal
